
Microsoft Visual Studio Solution File, Format Version 12.00
# Visual Studio Version 17
VisualStudioVersion = 17.12.35527.113
MinimumVisualStudioVersion = 10.0.40219.1
Project("{2150E333-8FDC-42A3-9474-1A3956D46DE8}") = "MacOS", "MacOS", "{0BE22C60-1ABF-44E3-8C28-1F55DB995520}"
EndProject
Project("{FAE04EC0-301F-11D3-BF4B-00C04F79EFBC}") = "SignCAAppMacOS.Desktop", "SignCAApp.DesktopMacOS\SignCAAppMacOS.Desktop.csproj", "{AD0996EA-89E8-4CAD-8C0E-7B3CFBF7BBD5}"
EndProject
Project("{FAE04EC0-301F-11D3-BF4B-00C04F79EFBC}") = "SignCAAppMacOS", "MacOS\SignCAAppMacOS\SignCAAppMacOS.csproj", "{482D0B77-04A0-49FA-ADEC-081782931E3D}"
EndProject
Global
	GlobalSection(SolutionConfigurationPlatforms) = preSolution
		Debug|Any CPU = Debug|Any CPU
		Release|Any CPU = Release|Any CPU
	EndGlobalSection
	GlobalSection(ProjectConfigurationPlatforms) = postSolution
		{AD0996EA-89E8-4CAD-8C0E-7B3CFBF7BBD5}.Debug|Any CPU.ActiveCfg = Debug|Any CPU
		{AD0996EA-89E8-4CAD-8C0E-7B3CFBF7BBD5}.Debug|Any CPU.Build.0 = Debug|Any CPU
		{AD0996EA-89E8-4CAD-8C0E-7B3CFBF7BBD5}.Release|Any CPU.ActiveCfg = Release|Any CPU
		{AD0996EA-89E8-4CAD-8C0E-7B3CFBF7BBD5}.Release|Any CPU.Build.0 = Release|Any CPU
		{482D0B77-04A0-49FA-ADEC-081782931E3D}.Debug|Any CPU.ActiveCfg = Debug|Any CPU
		{482D0B77-04A0-49FA-ADEC-081782931E3D}.Debug|Any CPU.Build.0 = Debug|Any CPU
		{482D0B77-04A0-49FA-ADEC-081782931E3D}.Release|Any CPU.ActiveCfg = Release|Any CPU
		{482D0B77-04A0-49FA-ADEC-081782931E3D}.Release|Any CPU.Build.0 = Release|Any CPU
	EndGlobalSection
	GlobalSection(SolutionProperties) = preSolution
		HideSolutionNode = FALSE
	EndGlobalSection
	GlobalSection(NestedProjects) = preSolution
		{AD0996EA-89E8-4CAD-8C0E-7B3CFBF7BBD5} = {0BE22C60-1ABF-44E3-8C28-1F55DB995520}
		{482D0B77-04A0-49FA-ADEC-081782931E3D} = {0BE22C60-1ABF-44E3-8C28-1F55DB995520}
	EndGlobalSection
EndGlobal
